// !$*UTF8*$!
{
	archiveVersion = 1;
	classes = {
	};
	objectVersion = 50;
	objects = {

/* Begin PBXBuildFile section */
		160933D422D39A6700D2B385 /* AppDelegate.swift in Sources */ = {isa = PBXBuildFile; fileRef = 160933D322D39A6700D2B385 /* AppDelegate.swift */; };
		160933D922D39A6700D2B385 /* Main.storyboard in Resources */ = {isa = PBXBuildFile; fileRef = 160933D722D39A6700D2B385 /* Main.storyboard */; };
		160933DB22D39A6800D2B385 /* Assets.xcassets in Resources */ = {isa = PBXBuildFile; fileRef = 160933DA22D39A6800D2B385 /* Assets.xcassets */; };
		160933DE22D39A6800D2B385 /* LaunchScreen.storyboard in Resources */ = {isa = PBXBuildFile; fileRef = 160933DC22D39A6800D2B385 /* LaunchScreen.storyboard */; };
		160933E722D39A9F00D2B385 /* Message.swift in Sources */ = {isa = PBXBuildFile; fileRef = 160933E622D39A9F00D2B385 /* Message.swift */; };
		160933EC22D39F9D00D2B385 /* MessageController.swift in Sources */ = {isa = PBXBuildFile; fileRef = 160933EB22D39F9D00D2B385 /* MessageController.swift */; };
		160933F422D3B30800D2B385 /* MessageListTableViewController.swift in Sources */ = {isa = PBXBuildFile; fileRef = 160933F322D3B30800D2B385 /* MessageListTableViewController.swift */; };
		160933F722D3B9AF00D2B385 /* CloudKit.framework in Frameworks */ = {isa = PBXBuildFile; fileRef = 160933F622D3B9AF00D2B385 /* CloudKit.framework */; };
/* End PBXBuildFile section */

/* Begin PBXFileReference section */
		160933D022D39A6700D2B385 /* CKBulletinBoard27.app */ = {isa = PBXFileReference; explicitFileType = wrapper.application; includeInIndex = 0; path = CKBulletinBoard27.app; sourceTree = BUILT_PRODUCTS_DIR; };
		160933D322D39A6700D2B385 /* AppDelegate.swift */ = {isa = PBXFileReference; lastKnownFileType = sourcecode.swift; path = AppDelegate.swift; sourceTree = "<group>"; };
		160933D822D39A6700D2B385 /* Base */ = {isa = PBXFileReference; lastKnownFileType = file.storyboard; name = Base; path = Base.lproj/Main.storyboard; sourceTree = "<group>"; };
		160933DA22D39A6800D2B385 /* Assets.xcassets */ = {isa = PBXFileReference; lastKnownFileType = folder.assetcatalog; path = Assets.xcassets; sourceTree = "<group>"; };
		160933DD22D39A6800D2B385 /* Base */ = {isa = PBXFileReference; lastKnownFileType = file.storyboard; name = Base; path = Base.lproj/LaunchScreen.storyboard; sourceTree = "<group>"; };
		160933DF22D39A6800D2B385 /* Info.plist */ = {isa = PBXFileReference; lastKnownFileType = text.plist.xml; path = Info.plist; sourceTree = "<group>"; };
		160933E622D39A9F00D2B385 /* Message.swift */ = {isa = PBXFileReference; lastKnownFileType = sourcecode.swift; path = Message.swift; sourceTree = "<group>"; };
		160933EA22D39EEC00D2B385 /* CKBulletinBoard27.entitlements */ = {isa = PBXFileReference; lastKnownFileType = text.plist.entitlements; path = CKBulletinBoard27.entitlements; sourceTree = "<group>"; };
		160933EB22D39F9D00D2B385 /* MessageController.swift */ = {isa = PBXFileReference; lastKnownFileType = sourcecode.swift; path = MessageController.swift; sourceTree = "<group>"; };
		160933F322D3B30800D2B385 /* MessageListTableViewController.swift */ = {isa = PBXFileReference; lastKnownFileType = sourcecode.swift; path = MessageListTableViewController.swift; sourceTree = "<group>"; };
		160933F622D3B9AF00D2B385 /* CloudKit.framework */ = {isa = PBXFileReference; lastKnownFileType = wrapper.framework; name = CloudKit.framework; path = System/Library/Frameworks/CloudKit.framework; sourceTree = SDKROOT; };
/* End PBXFileReference section */

/* Begin PBXFrameworksBuildPhase section */
		160933CD22D39A6700D2B385 /* Frameworks */ = {
			isa = PBXFrameworksBuildPhase;
			buildActionMask = 2147483647;
			files = (
				160933F722D3B9AF00D2B385 /* CloudKit.framework in Frameworks */,
			);
			runOnlyForDeploymentPostprocessing = 0;
		};
/* End PBXFrameworksBuildPhase section */

/* Begin PBXGroup section */
		160933C722D39A6700D2B385 = {
			isa = PBXGroup;
			children = (
				160933D222D39A6700D2B385 /* CKBulletinBoard27 */,
				160933D122D39A6700D2B385 /* Products */,
				160933E522D39A8A00D2B385 /* Resources */,
				160933F522D3B9AF00D2B385 /* Frameworks */,
			);
			sourceTree = "<group>";
		};
		160933D122D39A6700D2B385 /* Products */ = {
			isa = PBXGroup;
			children = (
				160933D022D39A6700D2B385 /* CKBulletinBoard27.app */,
			);
			name = Products;
			sourceTree = "<group>";
		};
		160933D222D39A6700D2B385 /* CKBulletinBoard27 */ = {
			isa = PBXGroup;
			children = (
				160933EA22D39EEC00D2B385 /* CKBulletinBoard27.entitlements */,
				160933E922D39E6D00D2B385 /* Model */,
				160933E822D39E4F00D2B385 /* Views */,
				160933EF22D39FAD00D2B385 /* Controllers */,
			);
			path = CKBulletinBoard27;
			sourceTree = "<group>";
		};
		160933E522D39A8A00D2B385 /* Resources */ = {
			isa = PBXGroup;
			children = (
				160933D322D39A6700D2B385 /* AppDelegate.swift */,
				160933DA22D39A6800D2B385 /* Assets.xcassets */,
				160933DC22D39A6800D2B385 /* LaunchScreen.storyboard */,
				160933DF22D39A6800D2B385 /* Info.plist */,
			);
			path = Resources;
			sourceTree = "<group>";
		};
		160933E822D39E4F00D2B385 /* Views */ = {
			isa = PBXGroup;
			children = (
				160933D722D39A6700D2B385 /* Main.storyboard */,
			);
			path = Views;
			sourceTree = "<group>";
		};
		160933E922D39E6D00D2B385 /* Model */ = {
			isa = PBXGroup;
			children = (
				160933E622D39A9F00D2B385 /* Message.swift */,
			);
			path = Model;
			sourceTree = "<group>";
		};
		160933EF22D39FAD00D2B385 /* Controllers */ = {
			isa = PBXGroup;
			children = (
				160933EB22D39F9D00D2B385 /* MessageController.swift */,
				160933F022D39FB900D2B385 /* View Controllers */,
			);
			path = Controllers;
			sourceTree = "<group>";
		};
		160933F022D39FB900D2B385 /* View Controllers */ = {
			isa = PBXGroup;
			children = (
				160933F322D3B30800D2B385 /* MessageListTableViewController.swift */,
			);
			path = "View Controllers";
			sourceTree = "<group>";
		};
		160933F522D3B9AF00D2B385 /* Frameworks */ = {
			isa = PBXGroup;
			children = (
				160933F622D3B9AF00D2B385 /* CloudKit.framework */,
			);
			name = Frameworks;
			sourceTree = "<group>";
		};
/* End PBXGroup section */

/* Begin PBXNativeTarget section */
		160933CF22D39A6700D2B385 /* CKBulletinBoard27 */ = {
			isa = PBXNativeTarget;
			buildConfigurationList = 160933E222D39A6800D2B385 /* Build configuration list for PBXNativeTarget "CKBulletinBoard27" */;
			buildPhases = (
				160933CC22D39A6700D2B385 /* Sources */,
				160933CD22D39A6700D2B385 /* Frameworks */,
				160933CE22D39A6700D2B385 /* Resources */,
			);
			buildRules = (
			);
			dependencies = (
			);
			name = CKBulletinBoard27;
			productName = CKBulletinBoard27;
			productReference = 160933D022D39A6700D2B385 /* CKBulletinBoard27.app */;
			productType = "com.apple.product-type.application";
		};
/* End PBXNativeTarget section */

/* Begin PBXProject section */
		160933C822D39A6700D2B385 /* Project object */ = {
			isa = PBXProject;
			attributes = {
				LastSwiftUpdateCheck = 1020;
				LastUpgradeCheck = 1020;
				ORGANIZATIONNAME = "Leah Cluff";
				TargetAttributes = {
					160933CF22D39A6700D2B385 = {
						CreatedOnToolsVersion = 10.2.1;
						SystemCapabilities = {
							com.apple.ClassKit = {
								enabled = 1;
							};
							com.apple.Push = {
								enabled = 1;
							};
							com.apple.iCloud = {
								enabled = 1;
							};
						};
					};
				};
			};
			buildConfigurationList = 160933CB22D39A6700D2B385 /* Build configuration list for PBXProject "CKBulletinBoard27" */;
			compatibilityVersion = "Xcode 9.3";
			developmentRegion = en;
			hasScannedForEncodings = 0;
			knownRegions = (
				en,
				Base,
			);
			mainGroup = 160933C722D39A6700D2B385;
			productRefGroup = 160933D122D39A6700D2B385 /* Products */;
			projectDirPath = "";
			projectRoot = "";
			targets = (
				160933CF22D39A6700D2B385 /* CKBulletinBoard27 */,
			);
		};
/* End PBXProject section */

/* Begin PBXResourcesBuildPhase section */
		160933CE22D39A6700D2B385 /* Resources */ = {
			isa = PBXResourcesBuildPhase;
			buildActionMask = 2147483647;
			files = (
				160933DE22D39A6800D2B385 /* LaunchScreen.storyboard in Resources */,
				160933DB22D39A6800D2B385 /* Assets.xcassets in Resources */,
				160933D922D39A6700D2B385 /* Main.storyboard in Resources */,
			);
			runOnlyForDeploymentPostprocessing = 0;
		};
/* End PBXResourcesBuildPhase section */

/* Begin PBXSourcesBuildPhase section */
		160933CC22D39A6700D2B385 /* Sources */ = {
			isa = PBXSourcesBuildPhase;
			buildActionMask = 2147483647;
			files = (
				160933E722D39A9F00D2B385 /* Message.swift in Sources */,
				160933D422D39A6700D2B385 /* AppDelegate.swift in Sources */,
				160933EC22D39F9D00D2B385 /* MessageController.swift in Sources */,
				160933F422D3B30800D2B385 /* MessageListTableViewController.swift in Sources */,
			);
			runOnlyForDeploymentPostprocessing = 0;
		};
/* End PBXSourcesBuildPhase section */

/* Begin PBXVariantGroup section */
		160933D722D39A6700D2B385 /* Main.storyboard */ = {
			isa = PBXVariantGroup;
			children = (
				160933D822D39A6700D2B385 /* Base */,
			);
			name = Main.storyboard;
			sourceTree = "<group>";
		};
		160933DC22D39A6800D2B385 /* LaunchScreen.storyboard */ = {
			isa = PBXVariantGroup;
			children = (
				160933DD22D39A6800D2B385 /* Base */,
			);
			name = LaunchScreen.storyboard;
			sourceTree = "<group>";
		};
/* End PBXVariantGroup section */

/* Begin XCBuildConfiguration section */
		160933E022D39A6800D2B385 /* Debug */ = {
			isa = XCBuildConfiguration;
			buildSettings = {
				ALWAYS_SEARCH_USER_PATHS = NO;
				CLANG_ANALYZER_NONNULL = YES;
				CLANG_ANALYZER_NUMBER_OBJECT_CONVERSION = YES_AGGRESSIVE;
				CLANG_CXX_LANGUAGE_STANDARD = "gnu++14";
				CLANG_CXX_LIBRARY = "libc++";
				CLANG_ENABLE_MODULES = YES;
				CLANG_ENABLE_OBJC_ARC = YES;
				CLANG_ENABLE_OBJC_WEAK = YES;
				CLANG_WARN_BLOCK_CAPTURE_AUTORELEASING = YES;
				CLANG_WARN_BOOL_CONVERSION = YES;
				CLANG_WARN_COMMA = YES;
				CLANG_WARN_CONSTANT_CONVERSION = YES;
				CLANG_WARN_DEPRECATED_OBJC_IMPLEMENTATIONS = YES;
				CLANG_WARN_DIRECT_OBJC_ISA_USAGE = YES_ERROR;
				CLANG_WARN_DOCUMENTATION_COMMENTS = YES;
				CLANG_WARN_EMPTY_BODY = YES;
				CLANG_WARN_ENUM_CONVERSION = YES;
				CLANG_WARN_INFINITE_RECURSION = YES;
				CLANG_WARN_INT_CONVERSION = YES;
				CLANG_WARN_NON_LITERAL_NULL_CONVERSION = YES;
				CLANG_WARN_OBJC_IMPLICIT_RETAIN_SELF = YES;
				CLANG_WARN_OBJC_LITERAL_CONVERSION = YES;
				CLANG_WARN_OBJC_ROOT_CLASS = YES_ERROR;
				CLANG_WARN_RANGE_LOOP_ANALYSIS = YES;
				CLANG_WARN_STRICT_PROTOTYPES = YES;
				CLANG_WARN_SUSPICIOUS_MOVE = YES;
				CLANG_WARN_UNGUARDED_AVAILABILITY = YES_AGGRESSIVE;
				CLANG_WARN_UNREACHABLE_CODE = YES;
				CLANG_WARN__DUPLICATE_METHOD_MATCH = YES;
				CODE_SIGN_IDENTITY = "iPhone Developer";
				COPY_PHASE_STRIP = NO;
				DEBUG_INFORMATION_FORMAT = dwarf;
				ENABLE_STRICT_OBJC_MSGSEND = YES;
				ENABLE_TESTABILITY = YES;
				GCC_C_LANGUAGE_STANDARD = gnu11;
				GCC_DYNAMIC_NO_PIC = NO;
				GCC_NO_COMMON_BLOCKS = YES;
				GCC_OPTIMIZATION_LEVEL = 0;
				GCC_PREPROCESSOR_DEFINITIONS = (
					"DEBUG=1",
					"$(inherited)",
				);
				GCC_WARN_64_TO_32_BIT_CONVERSION = YES;
				GCC_WARN_ABOUT_RETURN_TYPE = YES_ERROR;
				GCC_WARN_UNDECLARED_SELECTOR = YES;
				GCC_WARN_UNINITIALIZED_AUTOS = YES_AGGRESSIVE;
				GCC_WARN_UNUSED_FUNCTION = YES;
				GCC_WARN_UNUSED_VARIABLE = YES;
				IPHONEOS_DEPLOYMENT_TARGET = 12.2;
				MTL_ENABLE_DEBUG_INFO = INCLUDE_SOURCE;
				MTL_FAST_MATH = YES;
				ONLY_ACTIVE_ARCH = YES;
				SDKROOT = iphoneos;
				SWIFT_ACTIVE_COMPILATION_CONDITIONS = DEBUG;
				SWIFT_OPTIMIZATION_LEVEL = "-Onone";
			};
			name = Debug;
		};
		160933E122D39A6800D2B385 /* Release */ = {
			isa = XCBuildConfiguration;
			buildSettings = {
				ALWAYS_SEARCH_USER_PATHS = NO;
				CLANG_ANALYZER_NONNULL = YES;
				CLANG_ANALYZER_NUMBER_OBJECT_CONVERSION = YES_AGGRESSIVE;
				CLANG_CXX_LANGUAGE_STANDARD = "gnu++14";
				CLANG_CXX_LIBRARY = "libc++";
				CLANG_ENABLE_MODULES = YES;
				CLANG_ENABLE_OBJC_ARC = YES;
				CLANG_ENABLE_OBJC_WEAK = YES;
				CLANG_WARN_BLOCK_CAPTURE_AUTORELEASING = YES;
				CLANG_WARN_BOOL_CONVERSION = YES;
				CLANG_WARN_COMMA = YES;
				CLANG_WARN_CONSTANT_CONVERSION = YES;
				CLANG_WARN_DEPRECATED_OBJC_IMPLEMENTATIONS = YES;
				CLANG_WARN_DIRECT_OBJC_ISA_USAGE = YES_ERROR;
				CLANG_WARN_DOCUMENTATION_COMMENTS = YES;
				CLANG_WARN_EMPTY_BODY = YES;
				CLANG_WARN_ENUM_CONVERSION = YES;
				CLANG_WARN_INFINITE_RECURSION = YES;
				CLANG_WARN_INT_CONVERSION = YES;
				CLANG_WARN_NON_LITERAL_NULL_CONVERSION = YES;
				CLANG_WARN_OBJC_IMPLICIT_RETAIN_SELF = YES;
				CLANG_WARN_OBJC_LITERAL_CONVERSION = YES;
				CLANG_WARN_OBJC_ROOT_CLASS = YES_ERROR;
				CLANG_WARN_RANGE_LOOP_ANALYSIS = YES;
				CLANG_WARN_STRICT_PROTOTYPES = YES;
				CLANG_WARN_SUSPICIOUS_MOVE = YES;
				CLANG_WARN_UNGUARDED_AVAILABILITY = YES_AGGRESSIVE;
				CLANG_WARN_UNREACHABLE_CODE = YES;
				CLANG_WARN__DUPLICATE_METHOD_MATCH = YES;
				CODE_SIGN_IDENTITY = "iPhone Developer";
				COPY_PHASE_STRIP = NO;
				DEBUG_INFORMATION_FORMAT = "dwarf-with-dsym";
				ENABLE_NS_ASSERTIONS = NO;
				ENABLE_STRICT_OBJC_MSGSEND = YES;
				GCC_C_LANGUAGE_STANDARD = gnu11;
				GCC_NO_COMMON_BLOCKS = YES;
				GCC_WARN_64_TO_32_BIT_CONVERSION = YES;
				GCC_WARN_ABOUT_RETURN_TYPE = YES_ERROR;
				GCC_WARN_UNDECLARED_SELECTOR = YES;
				GCC_WARN_UNINITIALIZED_AUTOS = YES_AGGRESSIVE;
				GCC_WARN_UNUSED_FUNCTION = YES;
				GCC_WARN_UNUSED_VARIABLE = YES;
				IPHONEOS_DEPLOYMENT_TARGET = 12.2;
				MTL_ENABLE_DEBUG_INFO = NO;
				MTL_FAST_MATH = YES;
				SDKROOT = iphoneos;
				SWIFT_COMPILATION_MODE = wholemodule;
				SWIFT_OPTIMIZATION_LEVEL = "-O";
				VALIDATE_PRODUCT = YES;
			};
			name = Release;
		};
		160933E322D39A6800D2B385 /* Debug */ = {
			isa = XCBuildConfiguration;
			buildSettings = {
				ASSETCATALOG_COMPILER_APPICON_NAME = AppIcon;
				CODE_SIGN_ENTITLEMENTS = CKBulletinBoard27/CKBulletinBoard27.entitlements;
				CODE_SIGN_STYLE = Automatic;
				DEVELOPMENT_TEAM = C3BD4H8DKG;
				INFOPLIST_FILE = "$(SRCROOT)/Resources/Info.plist";
				LD_RUNPATH_SEARCH_PATHS = (
					"$(inherited)",
					"@executable_path/Frameworks",
				);
				PRODUCT_BUNDLE_IDENTIFIER = "Leah-Cluff.CKBulletinBoard27";
				PRODUCT_NAME = "$(TARGET_NAME)";
				SWIFT_VERSION = 5.0;
				TARGETED_DEVICE_FAMILY = "1,2";
			};
			name = Debug;
		};
		160933E422D39A6800D2B385 /* Release */ = {
			isa = XCBuildConfiguration;
			buildSettings = {
				ASSETCATALOG_COMPILER_APPICON_NAME = AppIcon;
				CODE_SIGN_ENTITLEMENTS = CKBulletinBoard27/CKBulletinBoard27.entitlements;
				CODE_SIGN_STYLE = Automatic;
				DEVELOPMENT_TEAM = C3BD4H8DKG;
				INFOPLIST_FILE = "$(SRCROOT)/Resources/Info.plist";
				LD_RUNPATH_SEARCH_PATHS = (
					"$(inherited)",
					"@executable_path/Frameworks",
				);
				PRODUCT_BUNDLE_IDENTIFIER = "Leah-Cluff.CKBulletinBoard27";
				PRODUCT_NAME = "$(TARGET_NAME)";
				SWIFT_VERSION = 5.0;
				TARGETED_DEVICE_FAMILY = "1,2";
			};
			name = Release;
		};
/* End XCBuildConfiguration section */

/* Begin XCConfigurationList section */
		160933CB22D39A6700D2B385 /* Build configuration list for PBXProject "CKBulletinBoard27" */ = {
			isa = XCConfigurationList;
			buildConfigurations = (
				160933E022D39A6800D2B385 /* Debug */,
				160933E122D39A6800D2B385 /* Release */,
			);
			defaultConfigurationIsVisible = 0;
			defaultConfigurationName = Release;
		};
		160933E222D39A6800D2B385 /* Build configuration list for PBXNativeTarget "CKBulletinBoard27" */ = {
			isa = XCConfigurationList;
			buildConfigurations = (
				160933E322D39A6800D2B385 /* Debug */,
				160933E422D39A6800D2B385 /* Release */,
			);
			defaultConfigurationIsVisible = 0;
			defaultConfigurationName = Release;
		};
/* End XCConfigurationList section */
	};
	rootObject = 160933C822D39A6700D2B385 /* Project object */;
}
